
Microsoft Visual Studio Solution File, Format Version 12.00
# Visual Studio Version 16
VisualStudioVersion = 16.0.30011.22
MinimumVisualStudioVersion = 10.0.40219.1
Project("{FAE04EC0-301F-11D3-BF4B-00C04F79EFBC}") = "EkoolMarksCalculator", "EkoolMarksCalculator\EkoolMarksCalculator.csproj", "{613A4F57-A96E-4BBB-8C7B-7F1B5CECF20C}"
EndProject
Global
	GlobalSection(SolutionConfigurationPlatforms) = preSolution
		Debug|Any CPU = Debug|Any CPU
		Release|Any CPU = Release|Any CPU
	EndGlobalSection
	GlobalSection(ProjectConfigurationPlatforms) = postSolution
		{613A4F57-A96E-4BBB-8C7B-7F1B5CECF20C}.Debug|Any CPU.ActiveCfg = Debug|Any CPU
		{613A4F57-A96E-4BBB-8C7B-7F1B5CECF20C}.Debug|Any CPU.Build.0 = Debug|Any CPU
		{613A4F57-A96E-4BBB-8C7B-7F1B5CECF20C}.Release|Any CPU.ActiveCfg = Release|Any CPU
		{613A4F57-A96E-4BBB-8C7B-7F1B5CECF20C}.Release|Any CPU.Build.0 = Release|Any CPU
	EndGlobalSection
	GlobalSection(SolutionProperties) = preSolution
		HideSolutionNode = FALSE
	EndGlobalSection
	GlobalSection(ExtensibilityGlobals) = postSolution
		SolutionGuid = {F08E0ED5-24ED-4F2D-A9E1-3E5FED7EF8A1}
	EndGlobalSection
EndGlobal
